
Microsoft Visual Studio Solution File, Format Version 12.00
# Visual Studio Version 17
VisualStudioVersion = 17.0.32126.317
MinimumVisualStudioVersion = 10.0.40219.1
Project("{FAE04EC0-301F-11D3-BF4B-00C04F79EFBC}") = "ConsoleMon", "ConsoleMon\ConsoleMon.csproj", "{F0A1459C-80F7-48DB-9963-7373D70B3562}"
EndProject
Global
	GlobalSection(SolutionConfigurationPlatforms) = preSolution
		Debug|Any CPU = Debug|Any CPU
		Release|Any CPU = Release|Any CPU
	EndGlobalSection
	GlobalSection(ProjectConfigurationPlatforms) = postSolution
		{F0A1459C-80F7-48DB-9963-7373D70B3562}.Debug|Any CPU.ActiveCfg = Debug|Any CPU
		{F0A1459C-80F7-48DB-9963-7373D70B3562}.Debug|Any CPU.Build.0 = Debug|Any CPU
		{F0A1459C-80F7-48DB-9963-7373D70B3562}.Release|Any CPU.ActiveCfg = Release|Any CPU
		{F0A1459C-80F7-48DB-9963-7373D70B3562}.Release|Any CPU.Build.0 = Release|Any CPU
	EndGlobalSection
	GlobalSection(SolutionProperties) = preSolution
		HideSolutionNode = FALSE
	EndGlobalSection
	GlobalSection(ExtensibilityGlobals) = postSolution
		SolutionGuid = {9D53C144-72D8-4955-BF83-452F08394BFC}
	EndGlobalSection
EndGlobal
